{
  "name": "taxhub",
  "version": "1.1.1",
  "lockfileVersion": 1,
  "requires": true,
  "dependencies": {
    "angular": {
      "version": "1.8.0",
      "resolved": "https://registry.npmjs.org/angular/-/angular-1.8.0.tgz",
      "integrity": "sha512-VdaMx+Qk0Skla7B5gw77a8hzlcOakwF8mjlW13DpIWIDlfqwAbSSLfd8N/qZnzEmQF4jC4iofInd3gE7vL8ZZg=="
    },
    "angular-animate": {
      "version": "1.6.10",
      "resolved": "https://registry.npmjs.org/angular-animate/-/angular-animate-1.6.10.tgz",
      "integrity": "sha512-RU9ZJbTspq0W0x675H5k1DeSgKbAFfp2aiYoNGdlD+wQNKvwwMR5ho+EkDKkx9zE02a5goe8Z6EhhYPQSff9dA=="
    },
    "angular-cookies": {
      "version": "1.4.14",
      "resolved": "https://registry.npmjs.org/angular-cookies/-/angular-cookies-1.4.14.tgz",
      "integrity": "sha1-sSuyKkxrzkI0CQdgp6V9w6VqkrM="
    },
    "angular-dialog-service": {
      "version": "5.3.0",
      "resolved": "https://registry.npmjs.org/angular-dialog-service/-/angular-dialog-service-5.3.0.tgz",
      "integrity": "sha1-rNAdvd+syn/GvzBrN1XpoeU2LNU="
    },
    "angular-filter": {
      "version": "0.5.17",
      "resolved": "https://registry.npmjs.org/angular-filter/-/angular-filter-0.5.17.tgz",
      "integrity": "sha1-YMDHOA/UWHLLjxCAHP4H4VQGKTU=",
      "requires": {
        "angular": "*"
      }
    },
    "angular-route": {
      "version": "1.7.9",
      "resolved": "https://registry.npmjs.org/angular-route/-/angular-route-1.7.9.tgz",
      "integrity": "sha512-vRoj5hzdQtWbODhWJqDzD1iNOEfCKshO6GFBuPVV7RHlPjzIc4R2dHCc7Qiv/8F3LDxJDohc6vSnTDMLHuaqeA=="
    },
    "angular-sanitize": {
      "version": "1.7.9",
      "resolved": "https://registry.npmjs.org/angular-sanitize/-/angular-sanitize-1.7.9.tgz",
      "integrity": "sha512-nB/xe7JQWF9nLvhHommAICQ3eWrfRETo0EVGFESi952CDzDa+GAJ/2BFBNw44QqQPxj1Xua/uYKrbLsOGWZdbQ=="
    },
    "angular-ui-bootstrap": {
      "version": "2.4.0",
      "resolved": "https://registry.npmjs.org/angular-ui-bootstrap/-/angular-ui-bootstrap-2.4.0.tgz",
      "integrity": "sha1-Gkbhv6ztz1AoFoSoj1VIvgFUbno="
    },
    "angularjs-toaster": {
      "version": "1.2.1",
      "resolved": "https://registry.npmjs.org/angularjs-toaster/-/angularjs-toaster-1.2.1.tgz",
      "integrity": "sha1-06mTSZjV8tEw7FkJpf1veJ9z1J0="
    },
    "bootstrap": {
      "version": "3.4.1",
      "resolved": "https://registry.npmjs.org/bootstrap/-/bootstrap-3.4.1.tgz",
      "integrity": "sha512-yN5oZVmRCwe5aKwzRj6736nSmKDX7pLYwsXiCj/EYmo16hODaBiT4En5btW/jhBF/seV+XMx3aYwukYC3A49DA=="
    },
    "ng-csv": {
      "version": "0.3.6",
      "resolved": "https://registry.npmjs.org/ng-csv/-/ng-csv-0.3.6.tgz",
      "integrity": "sha1-qJzwLkw/oqWyTVwZmERD3afyddg="
    },
    "ng-file-upload": {
      "version": "12.0.4",
      "resolved": "https://registry.npmjs.org/ng-file-upload/-/ng-file-upload-12.0.4.tgz",
      "integrity": "sha1-wiwY+jh8l3kEkhvyBIw9jYCuS+k="
    },
    "ng-table": {
      "version": "1.0.0",
      "resolved": "https://registry.npmjs.org/ng-table/-/ng-table-1.0.0.tgz",
      "integrity": "sha1-L+gLYrxW6Acp51l6DXIFVIza8r8="
    }
  }
}
